
Microsoft Visual Studio Solution File, Format Version 12.00
# Visual Studio Version 17
VisualStudioVersion = 17.7.34031.279
MinimumVisualStudioVersion = 10.0.40219.1
Project("{FAE04EC0-301F-11D3-BF4B-00C04F79EFBC}") = "ConsoleApp4DotNetFramework", "ConsoleApp4DotNetFramework\ConsoleApp4DotNetFramework.csproj", "{3CE1894D-EC41-403B-810C-0282A6B1E055}"
EndProject
Project("{9A19103F-16F7-4668-BE54-9A1E7A4F7556}") = "ConsoleApp4DotNet", "ConsoleApp4DotNet\ConsoleApp4DotNet.csproj", "{4C4BCC11-9301-4646-A8D4-746E9070093D}"
EndProject
Project("{9A19103F-16F7-4668-BE54-9A1E7A4F7556}") = "WinFormsApp4DotNet", "WinFormsApp4DotNet\WinFormsApp4DotNet.csproj", "{22BF6157-205D-4133-9455-C10ABA344E01}"
EndProject
Global
	GlobalSection(SolutionConfigurationPlatforms) = preSolution
		Debug|Any CPU = Debug|Any CPU
		Release|Any CPU = Release|Any CPU
	EndGlobalSection
	GlobalSection(ProjectConfigurationPlatforms) = postSolution
		{3CE1894D-EC41-403B-810C-0282A6B1E055}.Debug|Any CPU.ActiveCfg = Debug|Any CPU
		{3CE1894D-EC41-403B-810C-0282A6B1E055}.Debug|Any CPU.Build.0 = Debug|Any CPU
		{3CE1894D-EC41-403B-810C-0282A6B1E055}.Release|Any CPU.ActiveCfg = Release|Any CPU
		{3CE1894D-EC41-403B-810C-0282A6B1E055}.Release|Any CPU.Build.0 = Release|Any CPU
		{4C4BCC11-9301-4646-A8D4-746E9070093D}.Debug|Any CPU.ActiveCfg = Debug|Any CPU
		{4C4BCC11-9301-4646-A8D4-746E9070093D}.Debug|Any CPU.Build.0 = Debug|Any CPU
		{4C4BCC11-9301-4646-A8D4-746E9070093D}.Release|Any CPU.ActiveCfg = Release|Any CPU
		{4C4BCC11-9301-4646-A8D4-746E9070093D}.Release|Any CPU.Build.0 = Release|Any CPU
		{22BF6157-205D-4133-9455-C10ABA344E01}.Debug|Any CPU.ActiveCfg = Debug|Any CPU
		{22BF6157-205D-4133-9455-C10ABA344E01}.Debug|Any CPU.Build.0 = Debug|Any CPU
		{22BF6157-205D-4133-9455-C10ABA344E01}.Release|Any CPU.ActiveCfg = Release|Any CPU
		{22BF6157-205D-4133-9455-C10ABA344E01}.Release|Any CPU.Build.0 = Release|Any CPU
	EndGlobalSection
	GlobalSection(SolutionProperties) = preSolution
		HideSolutionNode = FALSE
	EndGlobalSection
	GlobalSection(ExtensibilityGlobals) = postSolution
		SolutionGuid = {EB114F4F-BA60-4D69-9E2F-BAC0919F1418}
	EndGlobalSection
EndGlobal
